
Microsoft Visual Studio Solution File, Format Version 12.00
# Visual Studio 15
VisualStudioVersion = 15.0.28010.2046
MinimumVisualStudioVersion = 10.0.40219.1
Project("{888888A0-9F3D-457C-B088-3A5042F75D52}") = "stegosaurus", "stegosaurus.pyproj", "{F8239CF6-2FF7-471A-821B-B69AAE2EA61B}"
EndProject
Global
	GlobalSection(SolutionConfigurationPlatforms) = preSolution
		Debug|Any CPU = Debug|Any CPU
		Release|Any CPU = Release|Any CPU
	EndGlobalSection
	GlobalSection(ProjectConfigurationPlatforms) = postSolution
		{F8239CF6-2FF7-471A-821B-B69AAE2EA61B}.Debug|Any CPU.ActiveCfg = Debug|Any CPU
		{F8239CF6-2FF7-471A-821B-B69AAE2EA61B}.Release|Any CPU.ActiveCfg = Release|Any CPU
	EndGlobalSection
	GlobalSection(SolutionProperties) = preSolution
		HideSolutionNode = FALSE
	EndGlobalSection
	GlobalSection(ExtensibilityGlobals) = postSolution
		SolutionGuid = {987B6F1E-861D-4DA9-A4F1-2AE3201779D0}
	EndGlobalSection
EndGlobal
